
Microsoft Visual Studio Solution File, Format Version 12.00
# Visual Studio Version 17
VisualStudioVersion = 17.9.34714.143
MinimumVisualStudioVersion = 10.0.40219.1
Project("{FAE04EC0-301F-11D3-BF4B-00C04F79EFBC}") = "Scrum Manager API", "Scrum Manager API\Scrum Manager API.csproj", "{6EC8CDB6-D821-4E57-9C72-D6D57DEBE88C}"
EndProject
Global
	GlobalSection(SolutionConfigurationPlatforms) = preSolution
		Debug|Any CPU = Debug|Any CPU
		Release|Any CPU = Release|Any CPU
	EndGlobalSection
	GlobalSection(ProjectConfigurationPlatforms) = postSolution
		{6EC8CDB6-D821-4E57-9C72-D6D57DEBE88C}.Debug|Any CPU.ActiveCfg = Debug|Any CPU
		{6EC8CDB6-D821-4E57-9C72-D6D57DEBE88C}.Debug|Any CPU.Build.0 = Debug|Any CPU
		{6EC8CDB6-D821-4E57-9C72-D6D57DEBE88C}.Release|Any CPU.ActiveCfg = Release|Any CPU
		{6EC8CDB6-D821-4E57-9C72-D6D57DEBE88C}.Release|Any CPU.Build.0 = Release|Any CPU
	EndGlobalSection
	GlobalSection(SolutionProperties) = preSolution
		HideSolutionNode = FALSE
	EndGlobalSection
	GlobalSection(ExtensibilityGlobals) = postSolution
		SolutionGuid = {1830CDCE-088B-408E-9860-6B88123D065F}
	EndGlobalSection
EndGlobal
